
Microsoft Visual Studio Solution File, Format Version 12.00
# Visual Studio Version 16
VisualStudioVersion = 16.0.29709.97
MinimumVisualStudioVersion = 10.0.40219.1
Project("{FAE04EC0-301F-11D3-BF4B-00C04F79EFBC}") = "project", "project\project.csproj", "{9EA6FFD9-835A-4271-B1FE-55C1D3C84580}"
EndProject
Global
	GlobalSection(SolutionConfigurationPlatforms) = preSolution
		Debug|Any CPU = Debug|Any CPU
		Release|Any CPU = Release|Any CPU
	EndGlobalSection
	GlobalSection(ProjectConfigurationPlatforms) = postSolution
		{9EA6FFD9-835A-4271-B1FE-55C1D3C84580}.Debug|Any CPU.ActiveCfg = Debug|Any CPU
		{9EA6FFD9-835A-4271-B1FE-55C1D3C84580}.Debug|Any CPU.Build.0 = Debug|Any CPU
		{9EA6FFD9-835A-4271-B1FE-55C1D3C84580}.Release|Any CPU.ActiveCfg = Release|Any CPU
		{9EA6FFD9-835A-4271-B1FE-55C1D3C84580}.Release|Any CPU.Build.0 = Release|Any CPU
	EndGlobalSection
	GlobalSection(SolutionProperties) = preSolution
		HideSolutionNode = FALSE
	EndGlobalSection
	GlobalSection(ExtensibilityGlobals) = postSolution
		SolutionGuid = {ED7BD9A6-B076-4CCD-952E-093C1AB85FA8}
	EndGlobalSection
EndGlobal
